
Microsoft Visual Studio Solution File, Format Version 12.00
# Visual Studio Version 16
VisualStudioVersion = 16.0.31613.86
MinimumVisualStudioVersion = 10.0.40219.1
Project("{FAE04EC0-301F-11D3-BF4B-00C04F79EFBC}") = "SchoolFormsApp", "SchoolFormsApp\SchoolFormsApp.csproj", "{75EF0446-CD8C-4701-BD74-CD32E1DBB078}"
EndProject
Project("{FAE04EC0-301F-11D3-BF4B-00C04F79EFBC}") = "SchoolLibrary", "SchoolLibrary\SchoolLibrary.csproj", "{C6566D4F-F48A-4910-81B6-CC318307C65A}"
EndProject
Global
	GlobalSection(SolutionConfigurationPlatforms) = preSolution
		Debug|Any CPU = Debug|Any CPU
		Release|Any CPU = Release|Any CPU
	EndGlobalSection
	GlobalSection(ProjectConfigurationPlatforms) = postSolution
		{75EF0446-CD8C-4701-BD74-CD32E1DBB078}.Debug|Any CPU.ActiveCfg = Debug|Any CPU
		{75EF0446-CD8C-4701-BD74-CD32E1DBB078}.Debug|Any CPU.Build.0 = Debug|Any CPU
		{75EF0446-CD8C-4701-BD74-CD32E1DBB078}.Release|Any CPU.ActiveCfg = Release|Any CPU
		{75EF0446-CD8C-4701-BD74-CD32E1DBB078}.Release|Any CPU.Build.0 = Release|Any CPU
		{C6566D4F-F48A-4910-81B6-CC318307C65A}.Debug|Any CPU.ActiveCfg = Debug|Any CPU
		{C6566D4F-F48A-4910-81B6-CC318307C65A}.Debug|Any CPU.Build.0 = Debug|Any CPU
		{C6566D4F-F48A-4910-81B6-CC318307C65A}.Release|Any CPU.ActiveCfg = Release|Any CPU
		{C6566D4F-F48A-4910-81B6-CC318307C65A}.Release|Any CPU.Build.0 = Release|Any CPU
	EndGlobalSection
	GlobalSection(SolutionProperties) = preSolution
		HideSolutionNode = FALSE
	EndGlobalSection
	GlobalSection(ExtensibilityGlobals) = postSolution
		SolutionGuid = {88B09FA3-5994-4679-8E91-EB7676AE6332}
	EndGlobalSection
EndGlobal
